{
  "name": "ae-package4-formance-spike",
  "version": "0.0.0",
  "lockfileVersion": 3,
  "requires": true,
  "packages": {
    "": {
      "name": "ae-package4-formance-spike",
      "version": "0.0.0",
      "dependencies": {
        "@formance/formance-sdk": "file:vendor/formance-formance-sdk-7.0.0.tgz"
      },
      "engines": {
        "node": "22.x"
      }
    },
    "node_modules/@formance/formance-sdk": {
      "version": "7.0.0",
      "resolved": "file:vendor/formance-formance-sdk-7.0.0.tgz",
      "integrity": "sha512-zvNBrSB547CsUJ+LoVGa/tUoYut879H2zS1VP+TWUPJecbpLBf2E4liD6UgNW4arrdcyICCaOK2zIn04B7su4g==",
      "dependencies": {
        "zod": "^3.25.0 || ^4.0.0"
      }
    },
    "node_modules/zod": {
      "version": "4.5.4",
      "resolved": "https://registry.npmjs.org/zod/-/zod-4.5.4.tgz",
      "integrity": "sha512-sC95tT5iHHH9gtpj6A81kh+NEaRAUFN+qlUPDUbRfOMvNf5QCBqsb3WgvnpVtK5Y+4UfA6KqufotuTvMGiTlsA==",
      "license": "MIT",
      "funding": {
        "url": "https://github.com/sponsors/colinhacks"
      }
    }
  }
}
